// !$*UTF8*$!
{
	archiveVersion = 1;
	classes = {
	};
	objectVersion = 55;
	objects = {

/* Begin PBXBuildFile section */
		43A6A55C35C5C952B5722382 /* Pods_HelloSwift_HelloSwiftUITests.framework in Frameworks */ = {isa = PBXBuildFile; fileRef = D4D0C1DD4EC563D6C2EBA357 /* Pods_HelloSwift_HelloSwiftUITests.framework */; };
		CB69EFE1A56BB07977E9AAE9 /* Pods_HelloSwiftTests.framework in Frameworks */ = {isa = PBXBuildFile; fileRef = CCC182A33C71EB5D97DCA271 /* Pods_HelloSwiftTests.framework */; };
		EB7BD601A6B1460A9B9CF984 /* Pods_HelloSwift.framework in Frameworks */ = {isa = PBXBuildFile; fileRef = 856B4839421987C72C5C9819 /* Pods_HelloSwift.framework */; };
		FBB5EC9F27F806EE00DAD062 /* AppDelegate.swift in Sources */ = {isa = PBXBuildFile; fileRef = FBB5EC9E27F806EE00DAD062 /* AppDelegate.swift */; };
		FBB5ECA127F806EE00DAD062 /* SceneDelegate.swift in Sources */ = {isa = PBXBuildFile; fileRef = FBB5ECA027F806EE00DAD062 /* SceneDelegate.swift */; };
		FBB5ECA327F806EE00DAD062 /* ViewController.swift in Sources */ = {isa = PBXBuildFile; fileRef = FBB5ECA227F806EE00DAD062 /* ViewController.swift */; };
		FBB5ECA627F806EE00DAD062 /* Main.storyboard in Resources */ = {isa = PBXBuildFile; fileRef = FBB5ECA427F806EE00DAD062 /* Main.storyboard */; };
		FBB5ECA927F806EE00DAD062 /* HelloSwift.xcdatamodeld in Sources */ = {isa = PBXBuildFile; fileRef = FBB5ECA727F806EE00DAD062 /* HelloSwift.xcdatamodeld */; };
		FBB5ECAB27F806F000DAD062 /* Assets.xcassets in Resources */ = {isa = PBXBuildFile; fileRef = FBB5ECAA27F806F000DAD062 /* Assets.xcassets */; };
		FBB5ECAE27F806F000DAD062 /* LaunchScreen.storyboard in Resources */ = {isa = PBXBuildFile; fileRef = FBB5ECAC27F806F000DAD062 /* LaunchScreen.storyboard */; };
		FBB5ECB927F806F000DAD062 /* HelloSwiftTests.swift in Sources */ = {isa = PBXBuildFile; fileRef = FBB5ECB827F806F000DAD062 /* HelloSwiftTests.swift */; };
		FBB5ECC327F806F000DAD062 /* HelloSwiftUITests.swift in Sources */ = {isa = PBXBuildFile; fileRef = FBB5ECC227F806F000DAD062 /* HelloSwiftUITests.swift */; };
		FBB5ECC527F806F000DAD062 /* HelloSwiftUITestsLaunchTests.swift in Sources */ = {isa = PBXBuildFile; fileRef = FBB5ECC427F806F000DAD062 /* HelloSwiftUITestsLaunchTests.swift */; };
/* End PBXBuildFile section */

/* Begin PBXContainerItemProxy section */
		FBB5ECB527F806F000DAD062 /* PBXContainerItemProxy */ = {
			isa = PBXContainerItemProxy;
			containerPortal = FBB5EC9327F806EE00DAD062 /* Project object */;
			proxyType = 1;
			remoteGlobalIDString = FBB5EC9A27F806EE00DAD062;
			remoteInfo = HelloSwift;
		};
		FBB5ECBF27F806F000DAD062 /* PBXContainerItemProxy */ = {
			isa = PBXContainerItemProxy;
			containerPortal = FBB5EC9327F806EE00DAD062 /* Project object */;
			proxyType = 1;
			remoteGlobalIDString = FBB5EC9A27F806EE00DAD062;
			remoteInfo = HelloSwift;
		};
/* End PBXContainerItemProxy section */

/* Begin PBXFileReference section */
		04C7D920898E58314EFDBF7F /* Pods-HelloSwift.debug.xcconfig */ = {isa = PBXFileReference; includeInIndex = 1; lastKnownFileType = text.xcconfig; name = "Pods-HelloSwift.debug.xcconfig"; path = "Target Support Files/Pods-HelloSwift/Pods-HelloSwift.debug.xcconfig"; sourceTree = "<group>"; };
		4BEB60DBBB6AC7AAFC93AE08 /* Pods-HelloSwift.release.xcconfig */ = {isa = PBXFileReference; includeInIndex = 1; lastKnownFileType = text.xcconfig; name = "Pods-HelloSwift.release.xcconfig"; path = "Target Support Files/Pods-HelloSwift/Pods-HelloSwift.release.xcconfig"; sourceTree = "<group>"; };
		545A234260978ED4F4FFF770 /* Pods-HelloSwift-HelloSwiftUITests.debug.xcconfig */ = {isa = PBXFileReference; includeInIndex = 1; lastKnownFileType = text.xcconfig; name = "Pods-HelloSwift-HelloSwiftUITests.debug.xcconfig"; path = "Target Support Files/Pods-HelloSwift-HelloSwiftUITests/Pods-HelloSwift-HelloSwiftUITests.debug.xcconfig"; sourceTree = "<group>"; };
		6B5196EC4B7933BB995FDED6 /* Pods-HelloSwift-HelloSwiftUITests.release.xcconfig */ = {isa = PBXFileReference; includeInIndex = 1; lastKnownFileType = text.xcconfig; name = "Pods-HelloSwift-HelloSwiftUITests.release.xcconfig"; path = "Target Support Files/Pods-HelloSwift-HelloSwiftUITests/Pods-HelloSwift-HelloSwiftUITests.release.xcconfig"; sourceTree = "<group>"; };
		856B4839421987C72C5C9819 /* Pods_HelloSwift.framework */ = {isa = PBXFileReference; explicitFileType = wrapper.framework; includeInIndex = 0; path = Pods_HelloSwift.framework; sourceTree = BUILT_PRODUCTS_DIR; };
		CCC182A33C71EB5D97DCA271 /* Pods_HelloSwiftTests.framework */ = {isa = PBXFileReference; explicitFileType = wrapper.framework; includeInIndex = 0; path = Pods_HelloSwiftTests.framework; sourceTree = BUILT_PRODUCTS_DIR; };
		CEDD0E721D0C60D4D6BA4ED0 /* Pods-HelloSwiftTests.debug.xcconfig */ = {isa = PBXFileReference; includeInIndex = 1; lastKnownFileType = text.xcconfig; name = "Pods-HelloSwiftTests.debug.xcconfig"; path = "Target Support Files/Pods-HelloSwiftTests/Pods-HelloSwiftTests.debug.xcconfig"; sourceTree = "<group>"; };
		D4D0C1DD4EC563D6C2EBA357 /* Pods_HelloSwift_HelloSwiftUITests.framework */ = {isa = PBXFileReference; explicitFileType = wrapper.framework; includeInIndex = 0; path = Pods_HelloSwift_HelloSwiftUITests.framework; sourceTree = BUILT_PRODUCTS_DIR; };
		EF348794735B7D9326FC3443 /* Pods-HelloSwiftTests.release.xcconfig */ = {isa = PBXFileReference; includeInIndex = 1; lastKnownFileType = text.xcconfig; name = "Pods-HelloSwiftTests.release.xcconfig"; path = "Target Support Files/Pods-HelloSwiftTests/Pods-HelloSwiftTests.release.xcconfig"; sourceTree = "<group>"; };
		FBB5EC9B27F806EE00DAD062 /* HelloSwift.app */ = {isa = PBXFileReference; explicitFileType = wrapper.application; includeInIndex = 0; path = HelloSwift.app; sourceTree = BUILT_PRODUCTS_DIR; };
		FBB5EC9E27F806EE00DAD062 /* AppDelegate.swift */ = {isa = PBXFileReference; lastKnownFileType = sourcecode.swift; path = AppDelegate.swift; sourceTree = "<group>"; };
		FBB5ECA027F806EE00DAD062 /* SceneDelegate.swift */ = {isa = PBXFileReference; lastKnownFileType = sourcecode.swift; path = SceneDelegate.swift; sourceTree = "<group>"; };
		FBB5ECA227F806EE00DAD062 /* ViewController.swift */ = {isa = PBXFileReference; lastKnownFileType = sourcecode.swift; path = ViewController.swift; sourceTree = "<group>"; };
		FBB5ECA527F806EE00DAD062 /* Base */ = {isa = PBXFileReference; lastKnownFileType = file.storyboard; name = Base; path = Base.lproj/Main.storyboard; sourceTree = "<group>"; };
		FBB5ECA827F806EE00DAD062 /* HelloSwift.xcdatamodel */ = {isa = PBXFileReference; lastKnownFileType = wrapper.xcdatamodel; path = HelloSwift.xcdatamodel; sourceTree = "<group>"; };
		FBB5ECAA27F806F000DAD062 /* Assets.xcassets */ = {isa = PBXFileReference; lastKnownFileType = folder.assetcatalog; path = Assets.xcassets; sourceTree = "<group>"; };
		FBB5ECAD27F806F000DAD062 /* Base */ = {isa = PBXFileReference; lastKnownFileType = file.storyboard; name = Base; path = Base.lproj/LaunchScreen.storyboard; sourceTree = "<group>"; };
		FBB5ECAF27F806F000DAD062 /* Info.plist */ = {isa = PBXFileReference; lastKnownFileType = text.plist.xml; path = Info.plist; sourceTree = "<group>"; };
		FBB5ECB427F806F000DAD062 /* HelloSwiftTests.xctest */ = {isa = PBXFileReference; explicitFileType = wrapper.cfbundle; includeInIndex = 0; path = HelloSwiftTests.xctest; sourceTree = BUILT_PRODUCTS_DIR; };
		FBB5ECB827F806F000DAD062 /* HelloSwiftTests.swift */ = {isa = PBXFileReference; lastKnownFileType = sourcecode.swift; path = HelloSwiftTests.swift; sourceTree = "<group>"; };
		FBB5ECBE27F806F000DAD062 /* HelloSwiftUITests.xctest */ = {isa = PBXFileReference; explicitFileType = wrapper.cfbundle; includeInIndex = 0; path = HelloSwiftUITests.xctest; sourceTree = BUILT_PRODUCTS_DIR; };
		FBB5ECC227F806F000DAD062 /* HelloSwiftUITests.swift */ = {isa = PBXFileReference; lastKnownFileType = sourcecode.swift; path = HelloSwiftUITests.swift; sourceTree = "<group>"; };
		FBB5ECC427F806F000DAD062 /* HelloSwiftUITestsLaunchTests.swift */ = {isa = PBXFileReference; lastKnownFileType = sourcecode.swift; path = HelloSwiftUITestsLaunchTests.swift; sourceTree = "<group>"; };
/* End PBXFileReference section */

/* Begin PBXFrameworksBuildPhase section */
		FBB5EC9827F806EE00DAD062 /* Frameworks */ = {
			isa = PBXFrameworksBuildPhase;
			buildActionMask = 2147483647;
			files = (
				EB7BD601A6B1460A9B9CF984 /* Pods_HelloSwift.framework in Frameworks */,
			);
			runOnlyForDeploymentPostprocessing = 0;
		};
		FBB5ECB127F806F000DAD062 /* Frameworks */ = {
			isa = PBXFrameworksBuildPhase;
			buildActionMask = 2147483647;
			files = (
				CB69EFE1A56BB07977E9AAE9 /* Pods_HelloSwiftTests.framework in Frameworks */,
			);
			runOnlyForDeploymentPostprocessing = 0;
		};
		FBB5ECBB27F806F000DAD062 /* Frameworks */ = {
			isa = PBXFrameworksBuildPhase;
			buildActionMask = 2147483647;
			files = (
				43A6A55C35C5C952B5722382 /* Pods_HelloSwift_HelloSwiftUITests.framework in Frameworks */,
			);
			runOnlyForDeploymentPostprocessing = 0;
		};
/* End PBXFrameworksBuildPhase section */

/* Begin PBXGroup section */
		2A2898417F433D7C1E62ECB1 /* Frameworks */ = {
			isa = PBXGroup;
			children = (
				856B4839421987C72C5C9819 /* Pods_HelloSwift.framework */,
				D4D0C1DD4EC563D6C2EBA357 /* Pods_HelloSwift_HelloSwiftUITests.framework */,
				CCC182A33C71EB5D97DCA271 /* Pods_HelloSwiftTests.framework */,
			);
			name = Frameworks;
			sourceTree = "<group>";
		};
		5BB494D8BA851570F439798D /* Pods */ = {
			isa = PBXGroup;
			children = (
				04C7D920898E58314EFDBF7F /* Pods-HelloSwift.debug.xcconfig */,
				4BEB60DBBB6AC7AAFC93AE08 /* Pods-HelloSwift.release.xcconfig */,
				545A234260978ED4F4FFF770 /* Pods-HelloSwift-HelloSwiftUITests.debug.xcconfig */,
				6B5196EC4B7933BB995FDED6 /* Pods-HelloSwift-HelloSwiftUITests.release.xcconfig */,
				CEDD0E721D0C60D4D6BA4ED0 /* Pods-HelloSwiftTests.debug.xcconfig */,
				EF348794735B7D9326FC3443 /* Pods-HelloSwiftTests.release.xcconfig */,
			);
			name = Pods;
			path = Pods;
			sourceTree = "<group>";
		};
		FBB5EC9227F806EE00DAD062 = {
			isa = PBXGroup;
			children = (
				FBB5EC9D27F806EE00DAD062 /* HelloSwift */,
				FBB5ECB727F806F000DAD062 /* HelloSwiftTests */,
				FBB5ECC127F806F000DAD062 /* HelloSwiftUITests */,
				FBB5EC9C27F806EE00DAD062 /* Products */,
				5BB494D8BA851570F439798D /* Pods */,
				2A2898417F433D7C1E62ECB1 /* Frameworks */,
			);
			sourceTree = "<group>";
		};
		FBB5EC9C27F806EE00DAD062 /* Products */ = {
			isa = PBXGroup;
			children = (
				FBB5EC9B27F806EE00DAD062 /* HelloSwift.app */,
				FBB5ECB427F806F000DAD062 /* HelloSwiftTests.xctest */,
				FBB5ECBE27F806F000DAD062 /* HelloSwiftUITests.xctest */,
			);
			name = Products;
			sourceTree = "<group>";
		};
		FBB5EC9D27F806EE00DAD062 /* HelloSwift */ = {
			isa = PBXGroup;
			children = (
				FBB5EC9E27F806EE00DAD062 /* AppDelegate.swift */,
				FBB5ECA027F806EE00DAD062 /* SceneDelegate.swift */,
				FBB5ECA227F806EE00DAD062 /* ViewController.swift */,
				FBB5ECA427F806EE00DAD062 /* Main.storyboard */,
				FBB5ECAA27F806F000DAD062 /* Assets.xcassets */,
				FBB5ECAC27F806F000DAD062 /* LaunchScreen.storyboard */,
				FBB5ECAF27F806F000DAD062 /* Info.plist */,
				FBB5ECA727F806EE00DAD062 /* HelloSwift.xcdatamodeld */,
			);
			path = HelloSwift;
			sourceTree = "<group>";
		};
		FBB5ECB727F806F000DAD062 /* HelloSwiftTests */ = {
			isa = PBXGroup;
			children = (
				FBB5ECB827F806F000DAD062 /* HelloSwiftTests.swift */,
			);
			path = HelloSwiftTests;
			sourceTree = "<group>";
		};
		FBB5ECC127F806F000DAD062 /* HelloSwiftUITests */ = {
			isa = PBXGroup;
			children = (
				FBB5ECC227F806F000DAD062 /* HelloSwiftUITests.swift */,
				FBB5ECC427F806F000DAD062 /* HelloSwiftUITestsLaunchTests.swift */,
			);
			path = HelloSwiftUITests;
			sourceTree = "<group>";
		};
/* End PBXGroup section */

/* Begin PBXNativeTarget section */
		FBB5EC9A27F806EE00DAD062 /* HelloSwift */ = {
			isa = PBXNativeTarget;
			buildConfigurationList = FBB5ECC827F806F000DAD062 /* Build configuration list for PBXNativeTarget "HelloSwift" */;
			buildPhases = (
				07F22ABB62F70B5B999296D1 /* [CP] Check Pods Manifest.lock */,
				FBB5EC9727F806EE00DAD062 /* Sources */,
				FBB5EC9827F806EE00DAD062 /* Frameworks */,
				FBB5EC9927F806EE00DAD062 /* Resources */,
				46726320D294B918EA51D727 /* [CP] Embed Pods Frameworks */,
			);
			buildRules = (
			);
			dependencies = (
			);
			name = HelloSwift;
			productName = HelloSwift;
			productReference = FBB5EC9B27F806EE00DAD062 /* HelloSwift.app */;
			productType = "com.apple.product-type.application";
		};
		FBB5ECB327F806F000DAD062 /* HelloSwiftTests */ = {
			isa = PBXNativeTarget;
			buildConfigurationList = FBB5ECCB27F806F000DAD062 /* Build configuration list for PBXNativeTarget "HelloSwiftTests" */;
			buildPhases = (
				871CC473250518F70A41DAB7 /* [CP] Check Pods Manifest.lock */,
				FBB5ECB027F806F000DAD062 /* Sources */,
				FBB5ECB127F806F000DAD062 /* Frameworks */,
				FBB5ECB227F806F000DAD062 /* Resources */,
				12FE38015DE5FA07057CF01C /* [CP] Embed Pods Frameworks */,
			);
			buildRules = (
			);
			dependencies = (
				FBB5ECB627F806F000DAD062 /* PBXTargetDependency */,
			);
			name = HelloSwiftTests;
			productName = HelloSwiftTests;
			productReference = FBB5ECB427F806F000DAD062 /* HelloSwiftTests.xctest */;
			productType = "com.apple.product-type.bundle.unit-test";
		};
		FBB5ECBD27F806F000DAD062 /* HelloSwiftUITests */ = {
			isa = PBXNativeTarget;
			buildConfigurationList = FBB5ECCE27F806F000DAD062 /* Build configuration list for PBXNativeTarget "HelloSwiftUITests" */;
			buildPhases = (
				DD336FE4EF6B0F79858F21E6 /* [CP] Check Pods Manifest.lock */,
				FBB5ECBA27F806F000DAD062 /* Sources */,
				FBB5ECBB27F806F000DAD062 /* Frameworks */,
				FBB5ECBC27F806F000DAD062 /* Resources */,
				E6CA2E44F6257E0A665378D4 /* [CP] Embed Pods Frameworks */,
			);
			buildRules = (
			);
			dependencies = (
				FBB5ECC027F806F000DAD062 /* PBXTargetDependency */,
			);
			name = HelloSwiftUITests;
			productName = HelloSwiftUITests;
			productReference = FBB5ECBE27F806F000DAD062 /* HelloSwiftUITests.xctest */;
			productType = "com.apple.product-type.bundle.ui-testing";
		};
/* End PBXNativeTarget section */

/* Begin PBXProject section */
		FBB5EC9327F806EE00DAD062 /* Project object */ = {
			isa = PBXProject;
			attributes = {
				BuildIndependentTargetsInParallel = 1;
				LastSwiftUpdateCheck = 1310;
				LastUpgradeCheck = 1310;
				TargetAttributes = {
					FBB5EC9A27F806EE00DAD062 = {
						CreatedOnToolsVersion = 13.1;
					};
					FBB5ECB327F806F000DAD062 = {
						CreatedOnToolsVersion = 13.1;
						TestTargetID = FBB5EC9A27F806EE00DAD062;
					};
					FBB5ECBD27F806F000DAD062 = {
						CreatedOnToolsVersion = 13.1;
						TestTargetID = FBB5EC9A27F806EE00DAD062;
					};
				};
			};
			buildConfigurationList = FBB5EC9627F806EE00DAD062 /* Build configuration list for PBXProject "HelloSwift" */;
			compatibilityVersion = "Xcode 13.0";
			developmentRegion = en;
			hasScannedForEncodings = 0;
			knownRegions = (
				en,
				Base,
			);
			mainGroup = FBB5EC9227F806EE00DAD062;
			productRefGroup = FBB5EC9C27F806EE00DAD062 /* Products */;
			projectDirPath = "";
			projectRoot = "";
			targets = (
				FBB5EC9A27F806EE00DAD062 /* HelloSwift */,
				FBB5ECB327F806F000DAD062 /* HelloSwiftTests */,
				FBB5ECBD27F806F000DAD062 /* HelloSwiftUITests */,
			);
		};
/* End PBXProject section */

/* Begin PBXResourcesBuildPhase section */
		FBB5EC9927F806EE00DAD062 /* Resources */ = {
			isa = PBXResourcesBuildPhase;
			buildActionMask = 2147483647;
			files = (
				FBB5ECAE27F806F000DAD062 /* LaunchScreen.storyboard in Resources */,
				FBB5ECAB27F806F000DAD062 /* Assets.xcassets in Resources */,
				FBB5ECA627F806EE00DAD062 /* Main.storyboard in Resources */,
			);
			runOnlyForDeploymentPostprocessing = 0;
		};
		FBB5ECB227F806F000DAD062 /* Resources */ = {
			isa = PBXResourcesBuildPhase;
			buildActionMask = 2147483647;
			files = (
			);
			runOnlyForDeploymentPostprocessing = 0;
		};
		FBB5ECBC27F806F000DAD062 /* Resources */ = {
			isa = PBXResourcesBuildPhase;
			buildActionMask = 2147483647;
			files = (
			);
			runOnlyForDeploymentPostprocessing = 0;
		};
/* End PBXResourcesBuildPhase section */

/* Begin PBXShellScriptBuildPhase section */
		07F22ABB62F70B5B999296D1 /* [CP] Check Pods Manifest.lock */ = {
			isa = PBXShellScriptBuildPhase;
			buildActionMask = 2147483647;
			files = (
			);
			inputFileListPaths = (
			);
			inputPaths = (
				"${PODS_PODFILE_DIR_PATH}/Podfile.lock",
				"${PODS_ROOT}/Manifest.lock",
			);
			name = "[CP] Check Pods Manifest.lock";
			outputFileListPaths = (
			);
			outputPaths = (
				"$(DERIVED_FILE_DIR)/Pods-HelloSwift-checkManifestLockResult.txt",
			);
			runOnlyForDeploymentPostprocessing = 0;
			shellPath = /bin/sh;
			shellScript = "diff \"${PODS_PODFILE_DIR_PATH}/Podfile.lock\" \"${PODS_ROOT}/Manifest.lock\" > /dev/null\nif [ $? != 0 ] ; then\n    # print error to STDERR\n    echo \"error: The sandbox is not in sync with the Podfile.lock. Run 'pod install' or update your CocoaPods installation.\" >&2\n    exit 1\nfi\n# This output is used by Xcode 'outputs' to avoid re-running this script phase.\necho \"SUCCESS\" > \"${SCRIPT_OUTPUT_FILE_0}\"\n";
			showEnvVarsInLog = 0;
		};
		12FE38015DE5FA07057CF01C /* [CP] Embed Pods Frameworks */ = {
			isa = PBXShellScriptBuildPhase;
			buildActionMask = 2147483647;
			files = (
			);
			inputFileListPaths = (
				"${PODS_ROOT}/Target Support Files/Pods-HelloSwiftTests/Pods-HelloSwiftTests-frameworks-${CONFIGURATION}-input-files.xcfilelist",
			);
			name = "[CP] Embed Pods Frameworks";
			outputFileListPaths = (
				"${PODS_ROOT}/Target Support Files/Pods-HelloSwiftTests/Pods-HelloSwiftTests-frameworks-${CONFIGURATION}-output-files.xcfilelist",
			);
			runOnlyForDeploymentPostprocessing = 0;
			shellPath = /bin/sh;
			shellScript = "\"${PODS_ROOT}/Target Support Files/Pods-HelloSwiftTests/Pods-HelloSwiftTests-frameworks.sh\"\n";
			showEnvVarsInLog = 0;
		};
		46726320D294B918EA51D727 /* [CP] Embed Pods Frameworks */ = {
			isa = PBXShellScriptBuildPhase;
			buildActionMask = 2147483647;
			files = (
			);
			inputFileListPaths = (
				"${PODS_ROOT}/Target Support Files/Pods-HelloSwift/Pods-HelloSwift-frameworks-${CONFIGURATION}-input-files.xcfilelist",
			);
			name = "[CP] Embed Pods Frameworks";
			outputFileListPaths = (
				"${PODS_ROOT}/Target Support Files/Pods-HelloSwift/Pods-HelloSwift-frameworks-${CONFIGURATION}-output-files.xcfilelist",
			);
			runOnlyForDeploymentPostprocessing = 0;
			shellPath = /bin/sh;
			shellScript = "\"${PODS_ROOT}/Target Support Files/Pods-HelloSwift/Pods-HelloSwift-frameworks.sh\"\n";
			showEnvVarsInLog = 0;
		};
		871CC473250518F70A41DAB7 /* [CP] Check Pods Manifest.lock */ = {
			isa = PBXShellScriptBuildPhase;
			buildActionMask = 2147483647;
			files = (
			);
			inputFileListPaths = (
			);
			inputPaths = (
				"${PODS_PODFILE_DIR_PATH}/Podfile.lock",
				"${PODS_ROOT}/Manifest.lock",
			);
			name = "[CP] Check Pods Manifest.lock";
			outputFileListPaths = (
			);
			outputPaths = (
				"$(DERIVED_FILE_DIR)/Pods-HelloSwiftTests-checkManifestLockResult.txt",
			);
			runOnlyForDeploymentPostprocessing = 0;
			shellPath = /bin/sh;
			shellScript = "diff \"${PODS_PODFILE_DIR_PATH}/Podfile.lock\" \"${PODS_ROOT}/Manifest.lock\" > /dev/null\nif [ $? != 0 ] ; then\n    # print error to STDERR\n    echo \"error: The sandbox is not in sync with the Podfile.lock. Run 'pod install' or update your CocoaPods installation.\" >&2\n    exit 1\nfi\n# This output is used by Xcode 'outputs' to avoid re-running this script phase.\necho \"SUCCESS\" > \"${SCRIPT_OUTPUT_FILE_0}\"\n";
			showEnvVarsInLog = 0;
		};
		DD336FE4EF6B0F79858F21E6 /* [CP] Check Pods Manifest.lock */ = {
			isa = PBXShellScriptBuildPhase;
			buildActionMask = 2147483647;
			files = (
			);
			inputFileListPaths = (
			);
			inputPaths = (
				"${PODS_PODFILE_DIR_PATH}/Podfile.lock",
				"${PODS_ROOT}/Manifest.lock",
			);
			name = "[CP] Check Pods Manifest.lock";
			outputFileListPaths = (
			);
			outputPaths = (
				"$(DERIVED_FILE_DIR)/Pods-HelloSwift-HelloSwiftUITests-checkManifestLockResult.txt",
			);
			runOnlyForDeploymentPostprocessing = 0;
			shellPath = /bin/sh;
			shellScript = "diff \"${PODS_PODFILE_DIR_PATH}/Podfile.lock\" \"${PODS_ROOT}/Manifest.lock\" > /dev/null\nif [ $? != 0 ] ; then\n    # print error to STDERR\n    echo \"error: The sandbox is not in sync with the Podfile.lock. Run 'pod install' or update your CocoaPods installation.\" >&2\n    exit 1\nfi\n# This output is used by Xcode 'outputs' to avoid re-running this script phase.\necho \"SUCCESS\" > \"${SCRIPT_OUTPUT_FILE_0}\"\n";
			showEnvVarsInLog = 0;
		};
		E6CA2E44F6257E0A665378D4 /* [CP] Embed Pods Frameworks */ = {
			isa = PBXShellScriptBuildPhase;
			buildActionMask = 2147483647;
			files = (
			);
			inputFileListPaths = (
				"${PODS_ROOT}/Target Support Files/Pods-HelloSwift-HelloSwiftUITests/Pods-HelloSwift-HelloSwiftUITests-frameworks-${CONFIGURATION}-input-files.xcfilelist",
			);
			name = "[CP] Embed Pods Frameworks";
			outputFileListPaths = (
				"${PODS_ROOT}/Target Support Files/Pods-HelloSwift-HelloSwiftUITests/Pods-HelloSwift-HelloSwiftUITests-frameworks-${CONFIGURATION}-output-files.xcfilelist",
			);
			runOnlyForDeploymentPostprocessing = 0;
			shellPath = /bin/sh;
			shellScript = "\"${PODS_ROOT}/Target Support Files/Pods-HelloSwift-HelloSwiftUITests/Pods-HelloSwift-HelloSwiftUITests-frameworks.sh\"\n";
			showEnvVarsInLog = 0;
		};
/* End PBXShellScriptBuildPhase section */

/* Begin PBXSourcesBuildPhase section */
		FBB5EC9727F806EE00DAD062 /* Sources */ = {
			isa = PBXSourcesBuildPhase;
			buildActionMask = 2147483647;
			files = (
				FBB5ECA927F806EE00DAD062 /* HelloSwift.xcdatamodeld in Sources */,
				FBB5ECA327F806EE00DAD062 /* ViewController.swift in Sources */,
				FBB5EC9F27F806EE00DAD062 /* AppDelegate.swift in Sources */,
				FBB5ECA127F806EE00DAD062 /* SceneDelegate.swift in Sources */,
			);
			runOnlyForDeploymentPostprocessing = 0;
		};
		FBB5ECB027F806F000DAD062 /* Sources */ = {
			isa = PBXSourcesBuildPhase;
			buildActionMask = 2147483647;
			files = (
				FBB5ECB927F806F000DAD062 /* HelloSwiftTests.swift in Sources */,
			);
			runOnlyForDeploymentPostprocessing = 0;
		};
		FBB5ECBA27F806F000DAD062 /* Sources */ = {
			isa = PBXSourcesBuildPhase;
			buildActionMask = 2147483647;
			files = (
				FBB5ECC327F806F000DAD062 /* HelloSwiftUITests.swift in Sources */,
				FBB5ECC527F806F000DAD062 /* HelloSwiftUITestsLaunchTests.swift in Sources */,
			);
			runOnlyForDeploymentPostprocessing = 0;
		};
/* End PBXSourcesBuildPhase section */

/* Begin PBXTargetDependency section */
		FBB5ECB627F806F000DAD062 /* PBXTargetDependency */ = {
			isa = PBXTargetDependency;
			target = FBB5EC9A27F806EE00DAD062 /* HelloSwift */;
			targetProxy = FBB5ECB527F806F000DAD062 /* PBXContainerItemProxy */;
		};
		FBB5ECC027F806F000DAD062 /* PBXTargetDependency */ = {
			isa = PBXTargetDependency;
			target = FBB5EC9A27F806EE00DAD062 /* HelloSwift */;
			targetProxy = FBB5ECBF27F806F000DAD062 /* PBXContainerItemProxy */;
		};
/* End PBXTargetDependency section */

/* Begin PBXVariantGroup section */
		FBB5ECA427F806EE00DAD062 /* Main.storyboard */ = {
			isa = PBXVariantGroup;
			children = (
				FBB5ECA527F806EE00DAD062 /* Base */,
			);
			name = Main.storyboard;
			sourceTree = "<group>";
		};
		FBB5ECAC27F806F000DAD062 /* LaunchScreen.storyboard */ = {
			isa = PBXVariantGroup;
			children = (
				FBB5ECAD27F806F000DAD062 /* Base */,
			);
			name = LaunchScreen.storyboard;
			sourceTree = "<group>";
		};
/* End PBXVariantGroup section */

/* Begin XCBuildConfiguration section */
		FBB5ECC627F806F000DAD062 /* Debug */ = {
			isa = XCBuildConfiguration;
			buildSettings = {
				ALWAYS_SEARCH_USER_PATHS = NO;
				CLANG_ANALYZER_NONNULL = YES;
				CLANG_ANALYZER_NUMBER_OBJECT_CONVERSION = YES_AGGRESSIVE;
				CLANG_CXX_LANGUAGE_STANDARD = "gnu++17";
				CLANG_CXX_LIBRARY = "libc++";
				CLANG_ENABLE_MODULES = YES;
				CLANG_ENABLE_OBJC_ARC = YES;
				CLANG_ENABLE_OBJC_WEAK = YES;
				CLANG_WARN_BLOCK_CAPTURE_AUTORELEASING = YES;
				CLANG_WARN_BOOL_CONVERSION = YES;
				CLANG_WARN_COMMA = YES;
				CLANG_WARN_CONSTANT_CONVERSION = YES;
				CLANG_WARN_DEPRECATED_OBJC_IMPLEMENTATIONS = YES;
				CLANG_WARN_DIRECT_OBJC_ISA_USAGE = YES_ERROR;
				CLANG_WARN_DOCUMENTATION_COMMENTS = YES;
				CLANG_WARN_EMPTY_BODY = YES;
				CLANG_WARN_ENUM_CONVERSION = YES;
				CLANG_WARN_INFINITE_RECURSION = YES;
				CLANG_WARN_INT_CONVERSION = YES;
				CLANG_WARN_NON_LITERAL_NULL_CONVERSION = YES;
				CLANG_WARN_OBJC_IMPLICIT_RETAIN_SELF = YES;
				CLANG_WARN_OBJC_LITERAL_CONVERSION = YES;
				CLANG_WARN_OBJC_ROOT_CLASS = YES_ERROR;
				CLANG_WARN_QUOTED_INCLUDE_IN_FRAMEWORK_HEADER = YES;
				CLANG_WARN_RANGE_LOOP_ANALYSIS = YES;
				CLANG_WARN_STRICT_PROTOTYPES = YES;
				CLANG_WARN_SUSPICIOUS_MOVE = YES;
				CLANG_WARN_UNGUARDED_AVAILABILITY = YES_AGGRESSIVE;
				CLANG_WARN_UNREACHABLE_CODE = YES;
				CLANG_WARN__DUPLICATE_METHOD_MATCH = YES;
				COPY_PHASE_STRIP = NO;
				DEBUG_INFORMATION_FORMAT = dwarf;
				ENABLE_STRICT_OBJC_MSGSEND = YES;
				ENABLE_TESTABILITY = YES;
				GCC_C_LANGUAGE_STANDARD = gnu11;
				GCC_DYNAMIC_NO_PIC = NO;
				GCC_NO_COMMON_BLOCKS = YES;
				GCC_OPTIMIZATION_LEVEL = 0;
				GCC_PREPROCESSOR_DEFINITIONS = (
					"DEBUG=1",
					"$(inherited)",
				);
				GCC_WARN_64_TO_32_BIT_CONVERSION = YES;
				GCC_WARN_ABOUT_RETURN_TYPE = YES_ERROR;
				GCC_WARN_UNDECLARED_SELECTOR = YES;
				GCC_WARN_UNINITIALIZED_AUTOS = YES_AGGRESSIVE;
				GCC_WARN_UNUSED_FUNCTION = YES;
				GCC_WARN_UNUSED_VARIABLE = YES;
				IPHONEOS_DEPLOYMENT_TARGET = 15.0;
				MTL_ENABLE_DEBUG_INFO = INCLUDE_SOURCE;
				MTL_FAST_MATH = YES;
				ONLY_ACTIVE_ARCH = YES;
				SDKROOT = iphoneos;
				SWIFT_ACTIVE_COMPILATION_CONDITIONS = DEBUG;
				SWIFT_OPTIMIZATION_LEVEL = "-Onone";
			};
			name = Debug;
		};
		FBB5ECC727F806F000DAD062 /* Release */ = {
			isa = XCBuildConfiguration;
			buildSettings = {
				ALWAYS_SEARCH_USER_PATHS = NO;
				CLANG_ANALYZER_NONNULL = YES;
				CLANG_ANALYZER_NUMBER_OBJECT_CONVERSION = YES_AGGRESSIVE;
				CLANG_CXX_LANGUAGE_STANDARD = "gnu++17";
				CLANG_CXX_LIBRARY = "libc++";
				CLANG_ENABLE_MODULES = YES;
				CLANG_ENABLE_OBJC_ARC = YES;
				CLANG_ENABLE_OBJC_WEAK = YES;
				CLANG_WARN_BLOCK_CAPTURE_AUTORELEASING = YES;
				CLANG_WARN_BOOL_CONVERSION = YES;
				CLANG_WARN_COMMA = YES;
				CLANG_WARN_CONSTANT_CONVERSION = YES;
				CLANG_WARN_DEPRECATED_OBJC_IMPLEMENTATIONS = YES;
				CLANG_WARN_DIRECT_OBJC_ISA_USAGE = YES_ERROR;
				CLANG_WARN_DOCUMENTATION_COMMENTS = YES;
				CLANG_WARN_EMPTY_BODY = YES;
				CLANG_WARN_ENUM_CONVERSION = YES;
				CLANG_WARN_INFINITE_RECURSION = YES;
				CLANG_WARN_INT_CONVERSION = YES;
				CLANG_WARN_NON_LITERAL_NULL_CONVERSION = YES;
				CLANG_WARN_OBJC_IMPLICIT_RETAIN_SELF = YES;
				CLANG_WARN_OBJC_LITERAL_CONVERSION = YES;
				CLANG_WARN_OBJC_ROOT_CLASS = YES_ERROR;
				CLANG_WARN_QUOTED_INCLUDE_IN_FRAMEWORK_HEADER = YES;
				CLANG_WARN_RANGE_LOOP_ANALYSIS = YES;
				CLANG_WARN_STRICT_PROTOTYPES = YES;
				CLANG_WARN_SUSPICIOUS_MOVE = YES;
				CLANG_WARN_UNGUARDED_AVAILABILITY = YES_AGGRESSIVE;
				CLANG_WARN_UNREACHABLE_CODE = YES;
				CLANG_WARN__DUPLICATE_METHOD_MATCH = YES;
				COPY_PHASE_STRIP = NO;
				DEBUG_INFORMATION_FORMAT = "dwarf-with-dsym";
				ENABLE_NS_ASSERTIONS = NO;
				ENABLE_STRICT_OBJC_MSGSEND = YES;
				GCC_C_LANGUAGE_STANDARD = gnu11;
				GCC_NO_COMMON_BLOCKS = YES;
				GCC_WARN_64_TO_32_BIT_CONVERSION = YES;
				GCC_WARN_ABOUT_RETURN_TYPE = YES_ERROR;
				GCC_WARN_UNDECLARED_SELECTOR = YES;
				GCC_WARN_UNINITIALIZED_AUTOS = YES_AGGRESSIVE;
				GCC_WARN_UNUSED_FUNCTION = YES;
				GCC_WARN_UNUSED_VARIABLE = YES;
				IPHONEOS_DEPLOYMENT_TARGET = 15.0;
				MTL_ENABLE_DEBUG_INFO = NO;
				MTL_FAST_MATH = YES;
				SDKROOT = iphoneos;
				SWIFT_COMPILATION_MODE = wholemodule;
				SWIFT_OPTIMIZATION_LEVEL = "-O";
				VALIDATE_PRODUCT = YES;
			};
			name = Release;
		};
		FBB5ECC927F806F000DAD062 /* Debug */ = {
			isa = XCBuildConfiguration;
			baseConfigurationReference = 04C7D920898E58314EFDBF7F /* Pods-HelloSwift.debug.xcconfig */;
			buildSettings = {
				ASSETCATALOG_COMPILER_APPICON_NAME = AppIcon;
				ASSETCATALOG_COMPILER_GLOBAL_ACCENT_COLOR_NAME = AccentColor;
				CODE_SIGN_STYLE = Automatic;
				CURRENT_PROJECT_VERSION = 1;
				DEVELOPMENT_TEAM = LKJMR427MH;
				GENERATE_INFOPLIST_FILE = YES;
				INFOPLIST_FILE = HelloSwift/Info.plist;
				INFOPLIST_KEY_CFBundleDisplayName = HelloRxSwift;
				INFOPLIST_KEY_UIApplicationSupportsIndirectInputEvents = YES;
				INFOPLIST_KEY_UILaunchStoryboardName = LaunchScreen;
				INFOPLIST_KEY_UIMainStoryboardFile = Main;
				INFOPLIST_KEY_UISupportedInterfaceOrientations_iPad = "UIInterfaceOrientationPortrait UIInterfaceOrientationPortraitUpsideDown UIInterfaceOrientationLandscapeLeft UIInterfaceOrientationLandscapeRight";
				INFOPLIST_KEY_UISupportedInterfaceOrientations_iPhone = "UIInterfaceOrientationPortrait UIInterfaceOrientationLandscapeLeft UIInterfaceOrientationLandscapeRight";
				LD_RUNPATH_SEARCH_PATHS = (
					"$(inherited)",
					"@executable_path/Frameworks",
				);
				MARKETING_VERSION = 1.0;
				PRODUCT_BUNDLE_IDENTIFIER = workshopJarnboy.HelloSwift;
				PRODUCT_NAME = "$(TARGET_NAME)";
				SWIFT_EMIT_LOC_STRINGS = YES;
				SWIFT_VERSION = 5.0;
				TARGETED_DEVICE_FAMILY = "1,2";
			};
			name = Debug;
		};
		FBB5ECCA27F806F000DAD062 /* Release */ = {
			isa = XCBuildConfiguration;
			baseConfigurationReference = 4BEB60DBBB6AC7AAFC93AE08 /* Pods-HelloSwift.release.xcconfig */;
			buildSettings = {
				ASSETCATALOG_COMPILER_APPICON_NAME = AppIcon;
				ASSETCATALOG_COMPILER_GLOBAL_ACCENT_COLOR_NAME = AccentColor;
				CODE_SIGN_STYLE = Automatic;
				CURRENT_PROJECT_VERSION = 1;
				DEVELOPMENT_TEAM = LKJMR427MH;
				GENERATE_INFOPLIST_FILE = YES;
				INFOPLIST_FILE = HelloSwift/Info.plist;
				INFOPLIST_KEY_CFBundleDisplayName = HelloRxSwift;
				INFOPLIST_KEY_UIApplicationSupportsIndirectInputEvents = YES;
				INFOPLIST_KEY_UILaunchStoryboardName = LaunchScreen;
				INFOPLIST_KEY_UIMainStoryboardFile = Main;
				INFOPLIST_KEY_UISupportedInterfaceOrientations_iPad = "UIInterfaceOrientationPortrait UIInterfaceOrientationPortraitUpsideDown UIInterfaceOrientationLandscapeLeft UIInterfaceOrientationLandscapeRight";
				INFOPLIST_KEY_UISupportedInterfaceOrientations_iPhone = "UIInterfaceOrientationPortrait UIInterfaceOrientationLandscapeLeft UIInterfaceOrientationLandscapeRight";
				LD_RUNPATH_SEARCH_PATHS = (
					"$(inherited)",
					"@executable_path/Frameworks",
				);
				MARKETING_VERSION = 1.0;
				PRODUCT_BUNDLE_IDENTIFIER = workshopJarnboy.HelloSwift;
				PRODUCT_NAME = "$(TARGET_NAME)";
				SWIFT_EMIT_LOC_STRINGS = YES;
				SWIFT_VERSION = 5.0;
				TARGETED_DEVICE_FAMILY = "1,2";
			};
			name = Release;
		};
		FBB5ECCC27F806F000DAD062 /* Debug */ = {
			isa = XCBuildConfiguration;
			baseConfigurationReference = CEDD0E721D0C60D4D6BA4ED0 /* Pods-HelloSwiftTests.debug.xcconfig */;
			buildSettings = {
				ALWAYS_EMBED_SWIFT_STANDARD_LIBRARIES = YES;
				BUNDLE_LOADER = "$(TEST_HOST)";
				CODE_SIGN_STYLE = Automatic;
				CURRENT_PROJECT_VERSION = 1;
				DEVELOPMENT_TEAM = LKJMR427MH;
				GENERATE_INFOPLIST_FILE = YES;
				IPHONEOS_DEPLOYMENT_TARGET = 15.0;
				LD_RUNPATH_SEARCH_PATHS = (
					"$(inherited)",
					"@executable_path/Frameworks",
					"@loader_path/Frameworks",
				);
				MARKETING_VERSION = 1.0;
				PRODUCT_BUNDLE_IDENTIFIER = workshopJarnboy.HelloSwiftTests;
				PRODUCT_NAME = "$(TARGET_NAME)";
				SWIFT_EMIT_LOC_STRINGS = NO;
				SWIFT_VERSION = 5.0;
				TARGETED_DEVICE_FAMILY = "1,2";
				TEST_HOST = "$(BUILT_PRODUCTS_DIR)/HelloSwift.app/HelloSwift";
			};
			name = Debug;
		};
		FBB5ECCD27F806F000DAD062 /* Release */ = {
			isa = XCBuildConfiguration;
			baseConfigurationReference = EF348794735B7D9326FC3443 /* Pods-HelloSwiftTests.release.xcconfig */;
			buildSettings = {
				ALWAYS_EMBED_SWIFT_STANDARD_LIBRARIES = YES;
				BUNDLE_LOADER = "$(TEST_HOST)";
				CODE_SIGN_STYLE = Automatic;
				CURRENT_PROJECT_VERSION = 1;
				DEVELOPMENT_TEAM = LKJMR427MH;
				GENERATE_INFOPLIST_FILE = YES;
				IPHONEOS_DEPLOYMENT_TARGET = 15.0;
				LD_RUNPATH_SEARCH_PATHS = (
					"$(inherited)",
					"@executable_path/Frameworks",
					"@loader_path/Frameworks",
				);
				MARKETING_VERSION = 1.0;
				PRODUCT_BUNDLE_IDENTIFIER = workshopJarnboy.HelloSwiftTests;
				PRODUCT_NAME = "$(TARGET_NAME)";
				SWIFT_EMIT_LOC_STRINGS = NO;
				SWIFT_VERSION = 5.0;
				TARGETED_DEVICE_FAMILY = "1,2";
				TEST_HOST = "$(BUILT_PRODUCTS_DIR)/HelloSwift.app/HelloSwift";
			};
			name = Release;
		};
		FBB5ECCF27F806F000DAD062 /* Debug */ = {
			isa = XCBuildConfiguration;
			baseConfigurationReference = 545A234260978ED4F4FFF770 /* Pods-HelloSwift-HelloSwiftUITests.debug.xcconfig */;
			buildSettings = {
				ALWAYS_EMBED_SWIFT_STANDARD_LIBRARIES = YES;
				CODE_SIGN_STYLE = Automatic;
				CURRENT_PROJECT_VERSION = 1;
				DEVELOPMENT_TEAM = LKJMR427MH;
				GENERATE_INFOPLIST_FILE = YES;
				LD_RUNPATH_SEARCH_PATHS = (
					"$(inherited)",
					"@executable_path/Frameworks",
					"@loader_path/Frameworks",
				);
				MARKETING_VERSION = 1.0;
				PRODUCT_BUNDLE_IDENTIFIER = workshopJarnboy.HelloSwiftUITests;
				PRODUCT_NAME = "$(TARGET_NAME)";
				SWIFT_EMIT_LOC_STRINGS = NO;
				SWIFT_VERSION = 5.0;
				TARGETED_DEVICE_FAMILY = "1,2";
				TEST_TARGET_NAME = HelloSwift;
			};
			name = Debug;
		};
		FBB5ECD027F806F000DAD062 /* Release */ = {
			isa = XCBuildConfiguration;
			baseConfigurationReference = 6B5196EC4B7933BB995FDED6 /* Pods-HelloSwift-HelloSwiftUITests.release.xcconfig */;
			buildSettings = {
				ALWAYS_EMBED_SWIFT_STANDARD_LIBRARIES = YES;
				CODE_SIGN_STYLE = Automatic;
				CURRENT_PROJECT_VERSION = 1;
				DEVELOPMENT_TEAM = LKJMR427MH;
				GENERATE_INFOPLIST_FILE = YES;
				LD_RUNPATH_SEARCH_PATHS = (
					"$(inherited)",
					"@executable_path/Frameworks",
					"@loader_path/Frameworks",
				);
				MARKETING_VERSION = 1.0;
				PRODUCT_BUNDLE_IDENTIFIER = workshopJarnboy.HelloSwiftUITests;
				PRODUCT_NAME = "$(TARGET_NAME)";
				SWIFT_EMIT_LOC_STRINGS = NO;
				SWIFT_VERSION = 5.0;
				TARGETED_DEVICE_FAMILY = "1,2";
				TEST_TARGET_NAME = HelloSwift;
			};
			name = Release;
		};
/* End XCBuildConfiguration section */

/* Begin XCConfigurationList section */
		FBB5EC9627F806EE00DAD062 /* Build configuration list for PBXProject "HelloSwift" */ = {
			isa = XCConfigurationList;
			buildConfigurations = (
				FBB5ECC627F806F000DAD062 /* Debug */,
				FBB5ECC727F806F000DAD062 /* Release */,
			);
			defaultConfigurationIsVisible = 0;
			defaultConfigurationName = Release;
		};
		FBB5ECC827F806F000DAD062 /* Build configuration list for PBXNativeTarget "HelloSwift" */ = {
			isa = XCConfigurationList;
			buildConfigurations = (
				FBB5ECC927F806F000DAD062 /* Debug */,
				FBB5ECCA27F806F000DAD062 /* Release */,
			);
			defaultConfigurationIsVisible = 0;
			defaultConfigurationName = Release;
		};
		FBB5ECCB27F806F000DAD062 /* Build configuration list for PBXNativeTarget "HelloSwiftTests" */ = {
			isa = XCConfigurationList;
			buildConfigurations = (
				FBB5ECCC27F806F000DAD062 /* Debug */,
				FBB5ECCD27F806F000DAD062 /* Release */,
			);
			defaultConfigurationIsVisible = 0;
			defaultConfigurationName = Release;
		};
		FBB5ECCE27F806F000DAD062 /* Build configuration list for PBXNativeTarget "HelloSwiftUITests" */ = {
			isa = XCConfigurationList;
			buildConfigurations = (
				FBB5ECCF27F806F000DAD062 /* Debug */,
				FBB5ECD027F806F000DAD062 /* Release */,
			);
			defaultConfigurationIsVisible = 0;
			defaultConfigurationName = Release;
		};
/* End XCConfigurationList section */

/* Begin XCVersionGroup section */
		FBB5ECA727F806EE00DAD062 /* HelloSwift.xcdatamodeld */ = {
			isa = XCVersionGroup;
			children = (
				FBB5ECA827F806EE00DAD062 /* HelloSwift.xcdatamodel */,
			);
			currentVersion = FBB5ECA827F806EE00DAD062 /* HelloSwift.xcdatamodel */;
			path = HelloSwift.xcdatamodeld;
			sourceTree = "<group>";
			versionGroupType = wrapper.xcdatamodel;
		};
/* End XCVersionGroup section */
	};
	rootObject = FBB5EC9327F806EE00DAD062 /* Project object */;
}
